
Microsoft Visual Studio Solution File, Format Version 12.00
# Visual Studio Version 17
VisualStudioVersion = 17.4.33213.308
MinimumVisualStudioVersion = 10.0.40219.1
Project("{9A19103F-16F7-4668-BE54-9A1E7A4F7556}") = "JAProjekt", "JAProjekt\JAProjekt.csproj", "{1CC0A794-50CE-485C-8893-E5B01F5887AE}"
	ProjectSection(ProjectDependencies) = postProject
		{4C9BC950-E59F-4804-B3AF-BE3010C5D406} = {4C9BC950-E59F-4804-B3AF-BE3010C5D406}
		{D5061803-69D3-4425-9FD6-2C847B299DA4} = {D5061803-69D3-4425-9FD6-2C847B299DA4}
	EndProjectSection
EndProject
Project("{8BC9CEB8-8B4A-11D0-8D11-00A0C91BC942}") = "StereoToMonoConverterASM", "StereoToMonoConverterASM\StereoToMonoConverterASM.vcxproj", "{D5061803-69D3-4425-9FD6-2C847B299DA4}"
EndProject
Project("{9A19103F-16F7-4668-BE54-9A1E7A4F7556}") = "StereoToMonoConverterCSharp", "StereoToMonoConverterCSharp\StereoToMonoConverterCSharp.csproj", "{4C9BC950-E59F-4804-B3AF-BE3010C5D406}"
EndProject
Global
	GlobalSection(SolutionConfigurationPlatforms) = preSolution
		Debug|Any CPU = Debug|Any CPU
		Debug|x64 = Debug|x64
		Debug|x86 = Debug|x86
		Release|Any CPU = Release|Any CPU
		Release|x64 = Release|x64
		Release|x86 = Release|x86
	EndGlobalSection
	GlobalSection(ProjectConfigurationPlatforms) = postSolution
		{1CC0A794-50CE-485C-8893-E5B01F5887AE}.Debug|Any CPU.ActiveCfg = Debug|x64
		{1CC0A794-50CE-485C-8893-E5B01F5887AE}.Debug|Any CPU.Build.0 = Debug|x64
		{1CC0A794-50CE-485C-8893-E5B01F5887AE}.Debug|x64.ActiveCfg = Debug|x64
		{1CC0A794-50CE-485C-8893-E5B01F5887AE}.Debug|x64.Build.0 = Debug|x64
		{1CC0A794-50CE-485C-8893-E5B01F5887AE}.Debug|x86.ActiveCfg = Debug|Any CPU
		{1CC0A794-50CE-485C-8893-E5B01F5887AE}.Debug|x86.Build.0 = Debug|Any CPU
		{1CC0A794-50CE-485C-8893-E5B01F5887AE}.Release|Any CPU.ActiveCfg = Release|Any CPU
		{1CC0A794-50CE-485C-8893-E5B01F5887AE}.Release|Any CPU.Build.0 = Release|Any CPU
		{1CC0A794-50CE-485C-8893-E5B01F5887AE}.Release|x64.ActiveCfg = Release|x64
		{1CC0A794-50CE-485C-8893-E5B01F5887AE}.Release|x64.Build.0 = Release|x64
		{1CC0A794-50CE-485C-8893-E5B01F5887AE}.Release|x86.ActiveCfg = Release|Any CPU
		{1CC0A794-50CE-485C-8893-E5B01F5887AE}.Release|x86.Build.0 = Release|Any CPU
		{D5061803-69D3-4425-9FD6-2C847B299DA4}.Debug|Any CPU.ActiveCfg = Debug|x64
		{D5061803-69D3-4425-9FD6-2C847B299DA4}.Debug|Any CPU.Build.0 = Debug|x64
		{D5061803-69D3-4425-9FD6-2C847B299DA4}.Debug|x64.ActiveCfg = Debug|x64
		{D5061803-69D3-4425-9FD6-2C847B299DA4}.Debug|x64.Build.0 = Debug|x64
		{D5061803-69D3-4425-9FD6-2C847B299DA4}.Debug|x86.ActiveCfg = Debug|Win32
		{D5061803-69D3-4425-9FD6-2C847B299DA4}.Debug|x86.Build.0 = Debug|Win32
		{D5061803-69D3-4425-9FD6-2C847B299DA4}.Release|Any CPU.ActiveCfg = Release|x64
		{D5061803-69D3-4425-9FD6-2C847B299DA4}.Release|Any CPU.Build.0 = Release|x64
		{D5061803-69D3-4425-9FD6-2C847B299DA4}.Release|x64.ActiveCfg = Release|x64
		{D5061803-69D3-4425-9FD6-2C847B299DA4}.Release|x64.Build.0 = Release|x64
		{D5061803-69D3-4425-9FD6-2C847B299DA4}.Release|x86.ActiveCfg = Release|Win32
		{D5061803-69D3-4425-9FD6-2C847B299DA4}.Release|x86.Build.0 = Release|Win32
		{4C9BC950-E59F-4804-B3AF-BE3010C5D406}.Debug|Any CPU.ActiveCfg = Debug|Any CPU
		{4C9BC950-E59F-4804-B3AF-BE3010C5D406}.Debug|Any CPU.Build.0 = Debug|Any CPU
		{4C9BC950-E59F-4804-B3AF-BE3010C5D406}.Debug|x64.ActiveCfg = Debug|x64
		{4C9BC950-E59F-4804-B3AF-BE3010C5D406}.Debug|x64.Build.0 = Debug|x64
		{4C9BC950-E59F-4804-B3AF-BE3010C5D406}.Debug|x86.ActiveCfg = Debug|Any CPU
		{4C9BC950-E59F-4804-B3AF-BE3010C5D406}.Debug|x86.Build.0 = Debug|Any CPU
		{4C9BC950-E59F-4804-B3AF-BE3010C5D406}.Release|Any CPU.ActiveCfg = Release|Any CPU
		{4C9BC950-E59F-4804-B3AF-BE3010C5D406}.Release|Any CPU.Build.0 = Release|Any CPU
		{4C9BC950-E59F-4804-B3AF-BE3010C5D406}.Release|x64.ActiveCfg = Release|x64
		{4C9BC950-E59F-4804-B3AF-BE3010C5D406}.Release|x64.Build.0 = Release|x64
		{4C9BC950-E59F-4804-B3AF-BE3010C5D406}.Release|x86.ActiveCfg = Release|Any CPU
		{4C9BC950-E59F-4804-B3AF-BE3010C5D406}.Release|x86.Build.0 = Release|Any CPU
	EndGlobalSection
	GlobalSection(SolutionProperties) = preSolution
		HideSolutionNode = FALSE
	EndGlobalSection
	GlobalSection(ExtensibilityGlobals) = postSolution
		SolutionGuid = {E1C87A05-A9AA-4D02-8B55-BD858F753591}
	EndGlobalSection
EndGlobal
